Microsoft Visual Studio Solution File, Format Version 12.00
# Visual Studio 2013
VisualStudioVersion = 12.0.31101.0
MinimumVisualStudioVersion = 10.0.40219.1
Project("{182E2583-ECAD-465B-BB50-91101D7C24CE}") = "AmbulanceDemos", "AmbulanceDemos\AmbulanceDemos.usqlproj", "{9ACB6BE5-2056-45AF-8933-652DE868AC85}"
EndProject
Project("{FAE04EC0-301F-11D3-BF4B-00C04F79EFBC}") = "AmbulanceDemoCode", "AmbulanceDemoCode\AmbulanceDemoCode.csproj", "{1B3E7106-6D16-4B96-87C5-F15E18FFC08F}"
EndProject
Global
	GlobalSection(SolutionConfigurationPlatforms) = preSolution
		Debug|Any CPU = Debug|Any CPU
		Release|Any CPU = Release|Any CPU
	EndGlobalSection
	GlobalSection(ProjectConfigurationPlatforms) = postSolution
		{9ACB6BE5-2056-45AF-8933-652DE868AC85}.Debug|Any CPU.ActiveCfg = Debug|Any CPU
		{9ACB6BE5-2056-45AF-8933-652DE868AC85}.Debug|Any CPU.Build.0 = Debug|Any CPU
		{9ACB6BE5-2056-45AF-8933-652DE868AC85}.Release|Any CPU.ActiveCfg = Release|Any CPU
		{9ACB6BE5-2056-45AF-8933-652DE868AC85}.Release|Any CPU.Build.0 = Release|Any CPU
		{1B3E7106-6D16-4B96-87C5-F15E18FFC08F}.Debug|Any CPU.ActiveCfg = Debug|Any CPU
		{1B3E7106-6D16-4B96-87C5-F15E18FFC08F}.Debug|Any CPU.Build.0 = Debug|Any CPU
		{1B3E7106-6D16-4B96-87C5-F15E18FFC08F}.Release|Any CPU.ActiveCfg = Release|Any CPU
		{1B3E7106-6D16-4B96-87C5-F15E18FFC08F}.Release|Any CPU.Build.0 = Release|Any CPU
	EndGlobalSection
	GlobalSection(SolutionProperties) = preSolution
		HideSolutionNode = FALSE
	EndGlobalSection
EndGlobal
