
Microsoft Visual Studio Solution File, Format Version 12.00
# Visual Studio 2013
VisualStudioVersion = 12.0.40629.0
MinimumVisualStudioVersion = 10.0.40219.1
Project("{182E2583-ECAD-465B-BB50-91101D7C24CE}") = "Spring2018-ReleaseNotes", "Spring2018-ReleaseNotes\Spring2018-ReleaseNotes.usqlproj", "{C8CF2145-B9F3-401D-AD6A-888744DFF1FF}"
EndProject
Global
	GlobalSection(SolutionConfigurationPlatforms) = preSolution
		Debug|Any CPU = Debug|Any CPU
		Debug|x64 = Debug|x64
		Debug|x86 = Debug|x86
		Release|Any CPU = Release|Any CPU
		Release|x64 = Release|x64
		Release|x86 = Release|x86
	EndGlobalSection
	GlobalSection(ProjectConfigurationPlatforms) = postSolution
		{C8CF2145-B9F3-401D-AD6A-888744DFF1FF}.Debug|Any CPU.ActiveCfg = Debug|Any CPU
		{C8CF2145-B9F3-401D-AD6A-888744DFF1FF}.Debug|Any CPU.Build.0 = Debug|Any CPU
		{C8CF2145-B9F3-401D-AD6A-888744DFF1FF}.Debug|x64.ActiveCfg = Debug|x64
		{C8CF2145-B9F3-401D-AD6A-888744DFF1FF}.Debug|x64.Build.0 = Debug|x64
		{C8CF2145-B9F3-401D-AD6A-888744DFF1FF}.Debug|x86.ActiveCfg = Debug|x86
		{C8CF2145-B9F3-401D-AD6A-888744DFF1FF}.Debug|x86.Build.0 = Debug|x86
		{C8CF2145-B9F3-401D-AD6A-888744DFF1FF}.Release|Any CPU.ActiveCfg = Release|Any CPU
		{C8CF2145-B9F3-401D-AD6A-888744DFF1FF}.Release|Any CPU.Build.0 = Release|Any CPU
		{C8CF2145-B9F3-401D-AD6A-888744DFF1FF}.Release|x64.ActiveCfg = Release|x64
		{C8CF2145-B9F3-401D-AD6A-888744DFF1FF}.Release|x64.Build.0 = Release|x64
		{C8CF2145-B9F3-401D-AD6A-888744DFF1FF}.Release|x86.ActiveCfg = Release|x86
		{C8CF2145-B9F3-401D-AD6A-888744DFF1FF}.Release|x86.Build.0 = Release|x86
	EndGlobalSection
	GlobalSection(SolutionProperties) = preSolution
		HideSolutionNode = FALSE
	EndGlobalSection
EndGlobal
