
Microsoft Visual Studio Solution File, Format Version 12.00
# Visual Studio 2013
VisualStudioVersion = 12.0.31101.0
MinimumVisualStudioVersion = 10.0.40219.1
Project("{182E2583-ECAD-465B-BB50-91101D7C24CE}") = "HeaderOutputterScript", "HeaderOutputterScript\HeaderOutputterScript.usqlproj", "{C8894D8F-1CA5-45BB-9CDA-726A86DEAC9A}"
EndProject
Project("{FAE04EC0-301F-11D3-BF4B-00C04F79EFBC}") = "HeaderOutputter", "HeaderOutputter\HeaderOutputter.csproj", "{1B3E7106-6D16-4B96-87C5-F15E18FFC08F}"
EndProject
Global
	GlobalSection(SolutionConfigurationPlatforms) = preSolution
		Debug|Any CPU = Debug|Any CPU
		Release|Any CPU = Release|Any CPU
	EndGlobalSection
	GlobalSection(ProjectConfigurationPlatforms) = postSolution
		{C8894D8F-1CA5-45BB-9CDA-726A86DEAC9A}.Debug|Any CPU.ActiveCfg = Debug|Any CPU
		{C8894D8F-1CA5-45BB-9CDA-726A86DEAC9A}.Debug|Any CPU.Build.0 = Debug|Any CPU
		{C8894D8F-1CA5-45BB-9CDA-726A86DEAC9A}.Release|Any CPU.ActiveCfg = Release|Any CPU
		{C8894D8F-1CA5-45BB-9CDA-726A86DEAC9A}.Release|Any CPU.Build.0 = Release|Any CPU
		{1B3E7106-6D16-4B96-87C5-F15E18FFC08F}.Debug|Any CPU.ActiveCfg = Debug|Any CPU
		{1B3E7106-6D16-4B96-87C5-F15E18FFC08F}.Debug|Any CPU.Build.0 = Debug|Any CPU
		{1B3E7106-6D16-4B96-87C5-F15E18FFC08F}.Release|Any CPU.ActiveCfg = Release|Any CPU
		{1B3E7106-6D16-4B96-87C5-F15E18FFC08F}.Release|Any CPU.Build.0 = Release|Any CPU
	EndGlobalSection
	GlobalSection(SolutionProperties) = preSolution
		HideSolutionNode = FALSE
	EndGlobalSection
EndGlobal
