
Microsoft Visual Studio Solution File, Format Version 12.00
# Visual Studio 14
VisualStudioVersion = 14.0.25420.1
MinimumVisualStudioVersion = 10.0.40219.1
Project("{182E2583-ECAD-465B-BB50-91101D7C24CE}") = "1.USQLQuery", "USQLQuery\1.USQLQuery.usqlproj", "{F7E61949-19B8-4D3E-8356-1C79765E3F75}"
EndProject
Project("{9C73B746-C089-4FFF-A4E6-C6994F33CB10}") = "2.USQLQuery_UnitTest", "USQLUnitTests\USQLQuery_UnitTest\2.USQLQuery_UnitTest.usqlutproj", "{1226F583-43AA-4A49-9A58-B3D6388AA7CB}"
EndProject
Project("{0C603C2C-620A-423B-A800-4F3E2F6281F1}") = "3.DatabaseProject", "DatabaseProject\3.DatabaseProject.usqldbproj", "{ABE16675-DF80-4DB4-BDA8-E41BD9807E94}"
EndProject
Project("{FAE04EC0-301F-11D3-BF4B-00C04F79EFBC}") = "5.USqlCSharpUdoUnitTestProject1", "USqlCSharpUdoUnitTestProject1\5.USqlCSharpUdoUnitTestProject1.csproj", "{86A585BB-0828-400F-A586-61A89AD02C9E}"
EndProject
Project("{2150E333-8FDC-42A3-9474-1A3956D46DE8}") = "Deployment", "Deployment", "{0D80ECAC-9263-481E-8B34-FBC1D77F61B9}"
	ProjectSection(SolutionItems) = preProject
		Deployment\GetUSQLDBDeploymentSDK.ps1 = Deployment\GetUSQLDBDeploymentSDK.ps1
		Deployment\USQLJobSubmission.ps1 = Deployment\USQLJobSubmission.ps1
		Deployment\USQLScriptUpload.ps1 = Deployment\USQLScriptUpload.ps1
	EndProjectSection
EndProject
Project("{FAE04EC0-301F-11D3-BF4B-00C04F79EFBC}") = "4.CSharpUDO", "CSharpUDO\4.CSharpUDO.csproj", "{F59ED57F-5B72-42FD-AE00-02A35FE4942B}"
EndProject
Global
	GlobalSection(SolutionConfigurationPlatforms) = preSolution
		Debug|Any CPU = Debug|Any CPU
		Debug|x64 = Debug|x64
		Debug|x86 = Debug|x86
		Release|Any CPU = Release|Any CPU
		Release|x64 = Release|x64
		Release|x86 = Release|x86
	EndGlobalSection
	GlobalSection(ProjectConfigurationPlatforms) = postSolution
		{F7E61949-19B8-4D3E-8356-1C79765E3F75}.Debug|Any CPU.ActiveCfg = Debug|Any CPU
		{F7E61949-19B8-4D3E-8356-1C79765E3F75}.Debug|Any CPU.Build.0 = Debug|Any CPU
		{F7E61949-19B8-4D3E-8356-1C79765E3F75}.Debug|x64.ActiveCfg = Debug|x64
		{F7E61949-19B8-4D3E-8356-1C79765E3F75}.Debug|x64.Build.0 = Debug|x64
		{F7E61949-19B8-4D3E-8356-1C79765E3F75}.Debug|x86.ActiveCfg = Debug|x86
		{F7E61949-19B8-4D3E-8356-1C79765E3F75}.Debug|x86.Build.0 = Debug|x86
		{F7E61949-19B8-4D3E-8356-1C79765E3F75}.Release|Any CPU.ActiveCfg = Release|Any CPU
		{F7E61949-19B8-4D3E-8356-1C79765E3F75}.Release|Any CPU.Build.0 = Release|Any CPU
		{F7E61949-19B8-4D3E-8356-1C79765E3F75}.Release|x64.ActiveCfg = Release|x64
		{F7E61949-19B8-4D3E-8356-1C79765E3F75}.Release|x64.Build.0 = Release|x64
		{F7E61949-19B8-4D3E-8356-1C79765E3F75}.Release|x86.ActiveCfg = Release|x86
		{F7E61949-19B8-4D3E-8356-1C79765E3F75}.Release|x86.Build.0 = Release|x86
		{1226F583-43AA-4A49-9A58-B3D6388AA7CB}.Debug|Any CPU.ActiveCfg = Debug|Any CPU
		{1226F583-43AA-4A49-9A58-B3D6388AA7CB}.Debug|Any CPU.Build.0 = Debug|Any CPU
		{1226F583-43AA-4A49-9A58-B3D6388AA7CB}.Debug|x64.ActiveCfg = Debug|Any CPU
		{1226F583-43AA-4A49-9A58-B3D6388AA7CB}.Debug|x64.Build.0 = Debug|Any CPU
		{1226F583-43AA-4A49-9A58-B3D6388AA7CB}.Debug|x86.ActiveCfg = Debug|Any CPU
		{1226F583-43AA-4A49-9A58-B3D6388AA7CB}.Debug|x86.Build.0 = Debug|Any CPU
		{1226F583-43AA-4A49-9A58-B3D6388AA7CB}.Release|Any CPU.ActiveCfg = Release|Any CPU
		{1226F583-43AA-4A49-9A58-B3D6388AA7CB}.Release|Any CPU.Build.0 = Release|Any CPU
		{1226F583-43AA-4A49-9A58-B3D6388AA7CB}.Release|x64.ActiveCfg = Release|Any CPU
		{1226F583-43AA-4A49-9A58-B3D6388AA7CB}.Release|x64.Build.0 = Release|Any CPU
		{1226F583-43AA-4A49-9A58-B3D6388AA7CB}.Release|x86.ActiveCfg = Release|Any CPU
		{1226F583-43AA-4A49-9A58-B3D6388AA7CB}.Release|x86.Build.0 = Release|Any CPU
		{ABE16675-DF80-4DB4-BDA8-E41BD9807E94}.Debug|Any CPU.ActiveCfg = Debug|Any CPU
		{ABE16675-DF80-4DB4-BDA8-E41BD9807E94}.Debug|Any CPU.Build.0 = Debug|Any CPU
		{ABE16675-DF80-4DB4-BDA8-E41BD9807E94}.Debug|x64.ActiveCfg = Debug|Any CPU
		{ABE16675-DF80-4DB4-BDA8-E41BD9807E94}.Debug|x64.Build.0 = Debug|Any CPU
		{ABE16675-DF80-4DB4-BDA8-E41BD9807E94}.Debug|x86.ActiveCfg = Debug|Any CPU
		{ABE16675-DF80-4DB4-BDA8-E41BD9807E94}.Debug|x86.Build.0 = Debug|Any CPU
		{ABE16675-DF80-4DB4-BDA8-E41BD9807E94}.Release|Any CPU.ActiveCfg = Release|Any CPU
		{ABE16675-DF80-4DB4-BDA8-E41BD9807E94}.Release|Any CPU.Build.0 = Release|Any CPU
		{ABE16675-DF80-4DB4-BDA8-E41BD9807E94}.Release|x64.ActiveCfg = Release|Any CPU
		{ABE16675-DF80-4DB4-BDA8-E41BD9807E94}.Release|x64.Build.0 = Release|Any CPU
		{ABE16675-DF80-4DB4-BDA8-E41BD9807E94}.Release|x86.ActiveCfg = Release|Any CPU
		{ABE16675-DF80-4DB4-BDA8-E41BD9807E94}.Release|x86.Build.0 = Release|Any CPU
		{86A585BB-0828-400F-A586-61A89AD02C9E}.Debug|Any CPU.ActiveCfg = Debug|Any CPU
		{86A585BB-0828-400F-A586-61A89AD02C9E}.Debug|Any CPU.Build.0 = Debug|Any CPU
		{86A585BB-0828-400F-A586-61A89AD02C9E}.Debug|x64.ActiveCfg = Debug|Any CPU
		{86A585BB-0828-400F-A586-61A89AD02C9E}.Debug|x64.Build.0 = Debug|Any CPU
		{86A585BB-0828-400F-A586-61A89AD02C9E}.Debug|x86.ActiveCfg = Debug|Any CPU
		{86A585BB-0828-400F-A586-61A89AD02C9E}.Debug|x86.Build.0 = Debug|Any CPU
		{86A585BB-0828-400F-A586-61A89AD02C9E}.Release|Any CPU.ActiveCfg = Release|Any CPU
		{86A585BB-0828-400F-A586-61A89AD02C9E}.Release|Any CPU.Build.0 = Release|Any CPU
		{86A585BB-0828-400F-A586-61A89AD02C9E}.Release|x64.ActiveCfg = Release|Any CPU
		{86A585BB-0828-400F-A586-61A89AD02C9E}.Release|x64.Build.0 = Release|Any CPU
		{86A585BB-0828-400F-A586-61A89AD02C9E}.Release|x86.ActiveCfg = Release|Any CPU
		{86A585BB-0828-400F-A586-61A89AD02C9E}.Release|x86.Build.0 = Release|Any CPU
		{F59ED57F-5B72-42FD-AE00-02A35FE4942B}.Debug|Any CPU.ActiveCfg = Debug|Any CPU
		{F59ED57F-5B72-42FD-AE00-02A35FE4942B}.Debug|Any CPU.Build.0 = Debug|Any CPU
		{F59ED57F-5B72-42FD-AE00-02A35FE4942B}.Debug|x64.ActiveCfg = Debug|Any CPU
		{F59ED57F-5B72-42FD-AE00-02A35FE4942B}.Debug|x64.Build.0 = Debug|Any CPU
		{F59ED57F-5B72-42FD-AE00-02A35FE4942B}.Debug|x86.ActiveCfg = Debug|Any CPU
		{F59ED57F-5B72-42FD-AE00-02A35FE4942B}.Debug|x86.Build.0 = Debug|Any CPU
		{F59ED57F-5B72-42FD-AE00-02A35FE4942B}.Release|Any CPU.ActiveCfg = Release|Any CPU
		{F59ED57F-5B72-42FD-AE00-02A35FE4942B}.Release|Any CPU.Build.0 = Release|Any CPU
		{F59ED57F-5B72-42FD-AE00-02A35FE4942B}.Release|x64.ActiveCfg = Release|Any CPU
		{F59ED57F-5B72-42FD-AE00-02A35FE4942B}.Release|x64.Build.0 = Release|Any CPU
		{F59ED57F-5B72-42FD-AE00-02A35FE4942B}.Release|x86.ActiveCfg = Release|Any CPU
		{F59ED57F-5B72-42FD-AE00-02A35FE4942B}.Release|x86.Build.0 = Release|Any CPU
	EndGlobalSection
	GlobalSection(SolutionProperties) = preSolution
		HideSolutionNode = FALSE
	EndGlobalSection
EndGlobal
