
Microsoft Visual Studio Solution File, Format Version 12.00
# Visual Studio 2013
VisualStudioVersion = 12.0.31101.0
MinimumVisualStudioVersion = 10.0.40219.1
Project("{182E2583-ECAD-465B-BB50-91101D7C24CE}") = "IntroHOL-USQL", "IntroHOL-USQL\IntroHOL-USQL.usqlproj", "{F40D4D55-7848-49BB-8002-0B72FA1B7971}"
EndProject
Global
	GlobalSection(SolutionConfigurationPlatforms) = preSolution
		Debug|Any CPU = Debug|Any CPU
		Release|Any CPU = Release|Any CPU
	EndGlobalSection
	GlobalSection(ProjectConfigurationPlatforms) = postSolution
		{F40D4D55-7848-49BB-8002-0B72FA1B7971}.Debug|Any CPU.ActiveCfg = Debug|Any CPU
		{F40D4D55-7848-49BB-8002-0B72FA1B7971}.Debug|Any CPU.Build.0 = Debug|Any CPU
		{F40D4D55-7848-49BB-8002-0B72FA1B7971}.Release|Any CPU.ActiveCfg = Release|Any CPU
		{F40D4D55-7848-49BB-8002-0B72FA1B7971}.Release|Any CPU.Build.0 = Release|Any CPU
	EndGlobalSection
	GlobalSection(SolutionProperties) = preSolution
		HideSolutionNode = FALSE
	EndGlobalSection
EndGlobal
