
Microsoft Visual Studio Solution File, Format Version 12.00
# Visual Studio 14
VisualStudioVersion = 14.0.24720.0
MinimumVisualStudioVersion = 10.0.40219.1
Project("{182E2583-ECAD-465B-BB50-91101D7C24CE}") = "ImageApp", "ImageApp\ImageApp.usqlproj", "{B31F4C0B-0586-48C1-B260-E97172E3B2C1}"
EndProject
Project("{FAE04EC0-301F-11D3-BF4B-00C04F79EFBC}") = "Images", "Images\Images.csproj", "{97595649-6032-45EE-87D6-F780C0FE4A51}"
EndProject
Global
	GlobalSection(SolutionConfigurationPlatforms) = preSolution
		Debug|Any CPU = Debug|Any CPU
		Debug|x64 = Debug|x64
		Debug|x86 = Debug|x86
		Release|Any CPU = Release|Any CPU
		Release|x64 = Release|x64
		Release|x86 = Release|x86
	EndGlobalSection
	GlobalSection(ProjectConfigurationPlatforms) = postSolution
		{B31F4C0B-0586-48C1-B260-E97172E3B2C1}.Debug|Any CPU.ActiveCfg = Debug|Any CPU
		{B31F4C0B-0586-48C1-B260-E97172E3B2C1}.Debug|Any CPU.Build.0 = Debug|Any CPU
		{B31F4C0B-0586-48C1-B260-E97172E3B2C1}.Debug|x64.ActiveCfg = Debug|x64
		{B31F4C0B-0586-48C1-B260-E97172E3B2C1}.Debug|x64.Build.0 = Debug|x64
		{B31F4C0B-0586-48C1-B260-E97172E3B2C1}.Debug|x86.ActiveCfg = Debug|x86
		{B31F4C0B-0586-48C1-B260-E97172E3B2C1}.Debug|x86.Build.0 = Debug|x86
		{B31F4C0B-0586-48C1-B260-E97172E3B2C1}.Release|Any CPU.ActiveCfg = Release|Any CPU
		{B31F4C0B-0586-48C1-B260-E97172E3B2C1}.Release|Any CPU.Build.0 = Release|Any CPU
		{B31F4C0B-0586-48C1-B260-E97172E3B2C1}.Release|x64.ActiveCfg = Release|x64
		{B31F4C0B-0586-48C1-B260-E97172E3B2C1}.Release|x64.Build.0 = Release|x64
		{B31F4C0B-0586-48C1-B260-E97172E3B2C1}.Release|x86.ActiveCfg = Release|x86
		{B31F4C0B-0586-48C1-B260-E97172E3B2C1}.Release|x86.Build.0 = Release|x86
		{97595649-6032-45EE-87D6-F780C0FE4A51}.Debug|Any CPU.ActiveCfg = Debug|Any CPU
		{97595649-6032-45EE-87D6-F780C0FE4A51}.Debug|Any CPU.Build.0 = Debug|Any CPU
		{97595649-6032-45EE-87D6-F780C0FE4A51}.Debug|x64.ActiveCfg = Debug|Any CPU
		{97595649-6032-45EE-87D6-F780C0FE4A51}.Debug|x64.Build.0 = Debug|Any CPU
		{97595649-6032-45EE-87D6-F780C0FE4A51}.Debug|x86.ActiveCfg = Debug|Any CPU
		{97595649-6032-45EE-87D6-F780C0FE4A51}.Debug|x86.Build.0 = Debug|Any CPU
		{97595649-6032-45EE-87D6-F780C0FE4A51}.Release|Any CPU.ActiveCfg = Release|Any CPU
		{97595649-6032-45EE-87D6-F780C0FE4A51}.Release|Any CPU.Build.0 = Release|Any CPU
		{97595649-6032-45EE-87D6-F780C0FE4A51}.Release|x64.ActiveCfg = Release|Any CPU
		{97595649-6032-45EE-87D6-F780C0FE4A51}.Release|x64.Build.0 = Release|Any CPU
		{97595649-6032-45EE-87D6-F780C0FE4A51}.Release|x86.ActiveCfg = Release|Any CPU
		{97595649-6032-45EE-87D6-F780C0FE4A51}.Release|x86.Build.0 = Release|Any CPU
	EndGlobalSection
	GlobalSection(SolutionProperties) = preSolution
		HideSolutionNode = FALSE
	EndGlobalSection
EndGlobal
